
Microsoft Visual Studio Solution File, Format Version 12.00
# Visual Studio 15
VisualStudioVersion = 15.0.27130.2026
MinimumVisualStudioVersion = 10.0.40219.1
Project("{FAE04EC0-301F-11D3-BF4B-00C04F79EFBC}") = "ELF FW Patcher", "ELF FW Patcher\ELF FW Patcher.csproj", "{CCDEE1A2-3D1C-4114-A991-0E75AC6647F5}"
EndProject
Global
	GlobalSection(SolutionConfigurationPlatforms) = preSolution
		Debug|Any CPU = Debug|Any CPU
		Release|Any CPU = Release|Any CPU
	EndGlobalSection
	GlobalSection(ProjectConfigurationPlatforms) = postSolution
		{CCDEE1A2-3D1C-4114-A991-0E75AC6647F5}.Debug|Any CPU.ActiveCfg = Debug|Any CPU
		{CCDEE1A2-3D1C-4114-A991-0E75AC6647F5}.Debug|Any CPU.Build.0 = Debug|Any CPU
		{CCDEE1A2-3D1C-4114-A991-0E75AC6647F5}.Release|Any CPU.ActiveCfg = Release|Any CPU
		{CCDEE1A2-3D1C-4114-A991-0E75AC6647F5}.Release|Any CPU.Build.0 = Release|Any CPU
	EndGlobalSection
	GlobalSection(SolutionProperties) = preSolution
		HideSolutionNode = FALSE
	EndGlobalSection
	GlobalSection(ExtensibilityGlobals) = postSolution
		SolutionGuid = {3EFCFB2B-BC76-4A9C-AF16-47AC418F7C7F}
	EndGlobalSection
EndGlobal
